{
  "name": "my-app",
  "version": "1.0.0",
  "lockfileVersion": 1,
  "dependencies": {
    "my-lib": {
      "version": "file:../my-lib",
      "dependencies": {
        "assert-plus": {
          "version": "1.0.0",
          "resolved": "https://registry.npmjs.org/assert-plus/-/assert-plus-1.0.0.tgz",
          "integrity": "sha1-8S4PPF13sLHN2RRpQuTpbB5N1SU="
        }
      }
    }
  }
}
